
Microsoft Visual Studio Solution File, Format Version 12.00
# Visual Studio Version 17
VisualStudioVersion = 17.10.35027.167
MinimumVisualStudioVersion = 10.0.40219.1
Project("{FAE04EC0-301F-11D3-BF4B-00C04F79EFBC}") = "Ödev 2", "Ödev 2.csproj", "{14E2633B-32F9-48EC-850F-F8AC55A9533D}"
EndProject
Global
	GlobalSection(SolutionConfigurationPlatforms) = preSolution
		Debug|Any CPU = Debug|Any CPU
		Release|Any CPU = Release|Any CPU
	EndGlobalSection
	GlobalSection(ProjectConfigurationPlatforms) = postSolution
		{14E2633B-32F9-48EC-850F-F8AC55A9533D}.Debug|Any CPU.ActiveCfg = Debug|Any CPU
		{14E2633B-32F9-48EC-850F-F8AC55A9533D}.Debug|Any CPU.Build.0 = Debug|Any CPU
		{14E2633B-32F9-48EC-850F-F8AC55A9533D}.Release|Any CPU.ActiveCfg = Release|Any CPU
		{14E2633B-32F9-48EC-850F-F8AC55A9533D}.Release|Any CPU.Build.0 = Release|Any CPU
	EndGlobalSection
	GlobalSection(SolutionProperties) = preSolution
		HideSolutionNode = FALSE
	EndGlobalSection
	GlobalSection(ExtensibilityGlobals) = postSolution
		SolutionGuid = {13C6AD00-3425-47AB-A78D-CCDC227B34AB}
	EndGlobalSection
EndGlobal
